
Microsoft Visual Studio Solution File, Format Version 12.00
# Visual Studio Version 16
Project("{8BC9CEB8-8B4A-11D0-8D11-00A0C91BC942}") = "ALL_BUILD", "ALL_BUILD.vcxproj", "{76F49640-B411-3049-90C6-6F02BCCB3E3B}"
	ProjectSection(ProjectDependencies) = postProject
		{73F773E5-9033-3BCA-B2DA-36313D8E2EE0} = {73F773E5-9033-3BCA-B2DA-36313D8E2EE0}
		{2EF1F1B8-713D-3A0C-B815-F45FE1380A8C} = {2EF1F1B8-713D-3A0C-B815-F45FE1380A8C}
	EndProjectSection
EndProject
Project("{8BC9CEB8-8B4A-11D0-8D11-00A0C91BC942}") = "ZERO_CHECK", "ZERO_CHECK.vcxproj", "{73F773E5-9033-3BCA-B2DA-36313D8E2EE0}"
	ProjectSection(ProjectDependencies) = postProject
	EndProjectSection
EndProject
Project("{8BC9CEB8-8B4A-11D0-8D11-00A0C91BC942}") = "main", "main.vcxproj", "{2EF1F1B8-713D-3A0C-B815-F45FE1380A8C}"
	ProjectSection(ProjectDependencies) = postProject
		{73F773E5-9033-3BCA-B2DA-36313D8E2EE0} = {73F773E5-9033-3BCA-B2DA-36313D8E2EE0}
	EndProjectSection
EndProject
Global
	GlobalSection(SolutionConfigurationPlatforms) = preSolution
		Debug|x64 = Debug|x64
		Release|x64 = Release|x64
		MinSizeRel|x64 = MinSizeRel|x64
		RelWithDebInfo|x64 = RelWithDebInfo|x64
	EndGlobalSection
	GlobalSection(ProjectConfigurationPlatforms) = postSolution
		{76F49640-B411-3049-90C6-6F02BCCB3E3B}.Debug|x64.ActiveCfg = Debug|x64
		{76F49640-B411-3049-90C6-6F02BCCB3E3B}.Release|x64.ActiveCfg = Release|x64
		{76F49640-B411-3049-90C6-6F02BCCB3E3B}.MinSizeRel|x64.ActiveCfg = MinSizeRel|x64
		{76F49640-B411-3049-90C6-6F02BCCB3E3B}.RelWithDebInfo|x64.ActiveCfg = RelWithDebInfo|x64
		{73F773E5-9033-3BCA-B2DA-36313D8E2EE0}.Debug|x64.ActiveCfg = Debug|x64
		{73F773E5-9033-3BCA-B2DA-36313D8E2EE0}.Debug|x64.Build.0 = Debug|x64
		{73F773E5-9033-3BCA-B2DA-36313D8E2EE0}.Release|x64.ActiveCfg = Release|x64
		{73F773E5-9033-3BCA-B2DA-36313D8E2EE0}.Release|x64.Build.0 = Release|x64
		{73F773E5-9033-3BCA-B2DA-36313D8E2EE0}.MinSizeRel|x64.ActiveCfg = MinSizeRel|x64
		{73F773E5-9033-3BCA-B2DA-36313D8E2EE0}.MinSizeRel|x64.Build.0 = MinSizeRel|x64
		{73F773E5-9033-3BCA-B2DA-36313D8E2EE0}.RelWithDebInfo|x64.ActiveCfg = RelWithDebInfo|x64
		{73F773E5-9033-3BCA-B2DA-36313D8E2EE0}.RelWithDebInfo|x64.Build.0 = RelWithDebInfo|x64
		{2EF1F1B8-713D-3A0C-B815-F45FE1380A8C}.Debug|x64.ActiveCfg = Debug|x64
		{2EF1F1B8-713D-3A0C-B815-F45FE1380A8C}.Debug|x64.Build.0 = Debug|x64
		{2EF1F1B8-713D-3A0C-B815-F45FE1380A8C}.Release|x64.ActiveCfg = Release|x64
		{2EF1F1B8-713D-3A0C-B815-F45FE1380A8C}.Release|x64.Build.0 = Release|x64
		{2EF1F1B8-713D-3A0C-B815-F45FE1380A8C}.MinSizeRel|x64.ActiveCfg = MinSizeRel|x64
		{2EF1F1B8-713D-3A0C-B815-F45FE1380A8C}.MinSizeRel|x64.Build.0 = MinSizeRel|x64
		{2EF1F1B8-713D-3A0C-B815-F45FE1380A8C}.RelWithDebInfo|x64.ActiveCfg = RelWithDebInfo|x64
		{2EF1F1B8-713D-3A0C-B815-F45FE1380A8C}.RelWithDebInfo|x64.Build.0 = RelWithDebInfo|x64
	EndGlobalSection
	GlobalSection(ExtensibilityGlobals) = postSolution
		SolutionGuid = {3E8C366A-8467-3540-AF48-300C79CCFEC0}
	EndGlobalSection
	GlobalSection(ExtensibilityAddIns) = postSolution
	EndGlobalSection
EndGlobal
