<?xml version="1.0" encoding="utf-8"?>
<Project ToolsVersion="16.0" xmlns="http://schemas.microsoft.com/developer/msbuild/2003">
  <ItemGroup>
    <ClCompile Include="E:\学习\大三上\计算机图形学\实验\实验补充\实验补充2\实验补充2_留空代码\Camera.cpp">
      <Filter>Source Files</Filter>
    </ClCompile>
    <ClCompile Include="E:\学习\大三上\计算机图形学\实验\实验补充\实验补充2\实验补充2_留空代码\InitShader.cpp">
      <Filter>Source Files</Filter>
    </ClCompile>
    <ClCompile Include="E:\学习\大三上\计算机图形学\实验\实验补充\实验补充2\实验补充2_留空代码\TriMesh.cpp">
      <Filter>Source Files</Filter>
    </ClCompile>
    <ClCompile Include="E:\学习\大三上\计算机图形学\实验\实验补充\实验补充2\实验补充2_留空代码\glad.c">
      <Filter>Source Files</Filter>
    </ClCompile>
    <ClCompile Include="E:\学习\大三上\计算机图形学\实验\实验补充\实验补充2\实验补充2_留空代码\main.cpp">
      <Filter>Source Files</Filter>
    </ClCompile>
    <ClCompile Include="MeshPainter.cpp">
      <Filter>Source Files</Filter>
    </ClCompile>
  </ItemGroup>
  <ItemGroup>
    <CustomBuild Include="E:\学习\大三上\计算机图形学\实验\实验补充\实验补充2\实验补充2_留空代码\CMakeLists.txt" />
  </ItemGroup>
  <ItemGroup>
    <Filter Include="Source Files">
      <UniqueIdentifier>{6EDC8C04-39E5-371D-8A21-51A28949A419}</UniqueIdentifier>
    </Filter>
  </ItemGroup>
</Project>