
Microsoft Visual Studio Solution File, Format Version 12.00
# Visual Studio Version 16
Project("{8BC9CEB8-8B4A-11D0-8D11-00A0C91BC942}") = "ALL_BUILD", "ALL_BUILD.vcxproj", "{C6824BA2-1444-376F-9074-80C6639485D8}"
	ProjectSection(ProjectDependencies) = postProject
		{12203208-CBAE-363B-8DD7-3861628848C9} = {12203208-CBAE-363B-8DD7-3861628848C9}
		{D6E74176-4DF3-39A0-ADF4-EB7EDE65E19C} = {D6E74176-4DF3-39A0-ADF4-EB7EDE65E19C}
	EndProjectSection
EndProject
Project("{8BC9CEB8-8B4A-11D0-8D11-00A0C91BC942}") = "ZERO_CHECK", "ZERO_CHECK.vcxproj", "{12203208-CBAE-363B-8DD7-3861628848C9}"
	ProjectSection(ProjectDependencies) = postProject
	EndProjectSection
EndProject
Project("{8BC9CEB8-8B4A-11D0-8D11-00A0C91BC942}") = "main", "main.vcxproj", "{D6E74176-4DF3-39A0-ADF4-EB7EDE65E19C}"
	ProjectSection(ProjectDependencies) = postProject
		{12203208-CBAE-363B-8DD7-3861628848C9} = {12203208-CBAE-363B-8DD7-3861628848C9}
	EndProjectSection
EndProject
Global
	GlobalSection(SolutionConfigurationPlatforms) = preSolution
		Debug|x64 = Debug|x64
		Release|x64 = Release|x64
		MinSizeRel|x64 = MinSizeRel|x64
		RelWithDebInfo|x64 = RelWithDebInfo|x64
	EndGlobalSection
	GlobalSection(ProjectConfigurationPlatforms) = postSolution
		{C6824BA2-1444-376F-9074-80C6639485D8}.Debug|x64.ActiveCfg = Debug|x64
		{C6824BA2-1444-376F-9074-80C6639485D8}.Release|x64.ActiveCfg = Release|x64
		{C6824BA2-1444-376F-9074-80C6639485D8}.MinSizeRel|x64.ActiveCfg = MinSizeRel|x64
		{C6824BA2-1444-376F-9074-80C6639485D8}.RelWithDebInfo|x64.ActiveCfg = RelWithDebInfo|x64
		{12203208-CBAE-363B-8DD7-3861628848C9}.Debug|x64.ActiveCfg = Debug|x64
		{12203208-CBAE-363B-8DD7-3861628848C9}.Debug|x64.Build.0 = Debug|x64
		{12203208-CBAE-363B-8DD7-3861628848C9}.Release|x64.ActiveCfg = Release|x64
		{12203208-CBAE-363B-8DD7-3861628848C9}.Release|x64.Build.0 = Release|x64
		{12203208-CBAE-363B-8DD7-3861628848C9}.MinSizeRel|x64.ActiveCfg = MinSizeRel|x64
		{12203208-CBAE-363B-8DD7-3861628848C9}.MinSizeRel|x64.Build.0 = MinSizeRel|x64
		{12203208-CBAE-363B-8DD7-3861628848C9}.RelWithDebInfo|x64.ActiveCfg = RelWithDebInfo|x64
		{12203208-CBAE-363B-8DD7-3861628848C9}.RelWithDebInfo|x64.Build.0 = RelWithDebInfo|x64
		{D6E74176-4DF3-39A0-ADF4-EB7EDE65E19C}.Debug|x64.ActiveCfg = Debug|x64
		{D6E74176-4DF3-39A0-ADF4-EB7EDE65E19C}.Debug|x64.Build.0 = Debug|x64
		{D6E74176-4DF3-39A0-ADF4-EB7EDE65E19C}.Release|x64.ActiveCfg = Release|x64
		{D6E74176-4DF3-39A0-ADF4-EB7EDE65E19C}.Release|x64.Build.0 = Release|x64
		{D6E74176-4DF3-39A0-ADF4-EB7EDE65E19C}.MinSizeRel|x64.ActiveCfg = MinSizeRel|x64
		{D6E74176-4DF3-39A0-ADF4-EB7EDE65E19C}.MinSizeRel|x64.Build.0 = MinSizeRel|x64
		{D6E74176-4DF3-39A0-ADF4-EB7EDE65E19C}.RelWithDebInfo|x64.ActiveCfg = RelWithDebInfo|x64
		{D6E74176-4DF3-39A0-ADF4-EB7EDE65E19C}.RelWithDebInfo|x64.Build.0 = RelWithDebInfo|x64
	EndGlobalSection
	GlobalSection(ExtensibilityGlobals) = postSolution
		SolutionGuid = {2983263C-7F8E-3FBE-A23C-16B757D9C030}
	EndGlobalSection
	GlobalSection(ExtensibilityAddIns) = postSolution
	EndGlobalSection
EndGlobal
